// !$*UTF8*$!
{
	archiveVersion = 1;
	classes = {
	};
	objectVersion = 77;
	objects = {

/* Begin PBXContainerItemProxy section */
		624E0DD72DFBFE45005C2A37 /* PBXContainerItemProxy */ = {
			isa = PBXContainerItemProxy;
			containerPortal = 624E0DB02DFBFE3D005C2A37 /* Project object */;
			proxyType = 1;
			remoteGlobalIDString = 624E0DB72DFBFE3D005C2A37;
			remoteInfo = ChatBot;
		};
		624E0DE12DFBFE45005C2A37 /* PBXContainerItemProxy */ = {
			isa = PBXContainerItemProxy;
			containerPortal = 624E0DB02DFBFE3D005C2A37 /* Project object */;
			proxyType = 1;
			remoteGlobalIDString = 624E0DB72DFBFE3D005C2A37;
			remoteInfo = ChatBot;
		};
/* End PBXContainerItemProxy section */

/* Begin PBXFileReference section */
		624E0DB82DFBFE3D005C2A37 /* ChatBot.app */ = {isa = PBXFileReference; explicitFileType = wrapper.application; includeInIndex = 0; path = ChatBot.app; sourceTree = BUILT_PRODUCTS_DIR; };
		624E0DD62DFBFE45005C2A37 /* ChatBotTests.xctest */ = {isa = PBXFileReference; explicitFileType = wrapper.cfbundle; includeInIndex = 0; path = ChatBotTests.xctest; sourceTree = BUILT_PRODUCTS_DIR; };
		624E0DE02DFBFE45005C2A37 /* ChatBotUITests.xctest */ = {isa = PBXFileReference; explicitFileType = wrapper.cfbundle; includeInIndex = 0; path = ChatBotUITests.xctest; sourceTree = BUILT_PRODUCTS_DIR; };
/* End PBXFileReference section */

/* Begin PBXFileSystemSynchronizedBuildFileExceptionSet section */
		624E0DE82DFBFE45005C2A37 /* Exceptions for "ChatBot" folder in "ChatBot" target */ = {
			isa = PBXFileSystemSynchronizedBuildFileExceptionSet;
			membershipExceptions = (
				Info.plist,
			);
			target = 624E0DB72DFBFE3D005C2A37 /* ChatBot */;
		};
/* End PBXFileSystemSynchronizedBuildFileExceptionSet section */

/* Begin PBXFileSystemSynchronizedRootGroup section */
		624E0DBA2DFBFE3D005C2A37 /* ChatBot */ = {
			isa = PBXFileSystemSynchronizedRootGroup;
			exceptions = (
				624E0DE82DFBFE45005C2A37 /* Exceptions for "ChatBot" folder in "ChatBot" target */,
			);
			path = ChatBot;
			sourceTree = "<group>";
		};
		624E0DD92DFBFE45005C2A37 /* ChatBotTests */ = {
			isa = PBXFileSystemSynchronizedRootGroup;
			path = ChatBotTests;
			sourceTree = "<group>";
		};
		624E0DE32DFBFE45005C2A37 /* ChatBotUITests */ = {
			isa = PBXFileSystemSynchronizedRootGroup;
			path = ChatBotUITests;
			sourceTree = "<group>";
		};
/* End PBXFileSystemSynchronizedRootGroup section */

/* Begin PBXFrameworksBuildPhase section */
		624E0DB52DFBFE3D005C2A37 /* Frameworks */ = {
			isa = PBXFrameworksBuildPhase;
			buildActionMask = 2147483647;
			files = (
			);
			runOnlyForDeploymentPostprocessing = 0;
		};
		624E0DD32DFBFE45005C2A37 /* Frameworks */ = {
			isa = PBXFrameworksBuildPhase;
			buildActionMask = 2147483647;
			files = (
			);
			runOnlyForDeploymentPostprocessing = 0;
		};
		624E0DDD2DFBFE45005C2A37 /* Frameworks */ = {
			isa = PBXFrameworksBuildPhase;
			buildActionMask = 2147483647;
			files = (
			);
			runOnlyForDeploymentPostprocessing = 0;
		};
/* End PBXFrameworksBuildPhase section */

/* Begin PBXGroup section */
		624E0DAF2DFBFE3D005C2A37 = {
			isa = PBXGroup;
			children = (
				624E0DBA2DFBFE3D005C2A37 /* ChatBot */,
				624E0DD92DFBFE45005C2A37 /* ChatBotTests */,
				624E0DE32DFBFE45005C2A37 /* ChatBotUITests */,
				624E0DB92DFBFE3D005C2A37 /* Products */,
			);
			sourceTree = "<group>";
		};
		624E0DB92DFBFE3D005C2A37 /* Products */ = {
			isa = PBXGroup;
			children = (
				624E0DB82DFBFE3D005C2A37 /* ChatBot.app */,
				624E0DD62DFBFE45005C2A37 /* ChatBotTests.xctest */,
				624E0DE02DFBFE45005C2A37 /* ChatBotUITests.xctest */,
			);
			name = Products;
			sourceTree = "<group>";
		};
/* End PBXGroup section */

/* Begin PBXNativeTarget section */
		624E0DB72DFBFE3D005C2A37 /* ChatBot */ = {
			isa = PBXNativeTarget;
			buildConfigurationList = 624E0DE92DFBFE45005C2A37 /* Build configuration list for PBXNativeTarget "ChatBot" */;
			buildPhases = (
				624E0DB42DFBFE3D005C2A37 /* Sources */,
				624E0DB52DFBFE3D005C2A37 /* Frameworks */,
				624E0DB62DFBFE3D005C2A37 /* Resources */,
			);
			buildRules = (
			);
			dependencies = (
			);
			fileSystemSynchronizedGroups = (
				624E0DBA2DFBFE3D005C2A37 /* ChatBot */,
			);
			name = ChatBot;
			packageProductDependencies = (
			);
			productName = ChatBot;
			productReference = 624E0DB82DFBFE3D005C2A37 /* ChatBot.app */;
			productType = "com.apple.product-type.application";
		};
		624E0DD52DFBFE45005C2A37 /* ChatBotTests */ = {
			isa = PBXNativeTarget;
			buildConfigurationList = 624E0DEE2DFBFE45005C2A37 /* Build configuration list for PBXNativeTarget "ChatBotTests" */;
			buildPhases = (
				624E0DD22DFBFE45005C2A37 /* Sources */,
				624E0DD32DFBFE45005C2A37 /* Frameworks */,
				624E0DD42DFBFE45005C2A37 /* Resources */,
			);
			buildRules = (
			);
			dependencies = (
				624E0DD82DFBFE45005C2A37 /* PBXTargetDependency */,
			);
			fileSystemSynchronizedGroups = (
				624E0DD92DFBFE45005C2A37 /* ChatBotTests */,
			);
			name = ChatBotTests;
			packageProductDependencies = (
			);
			productName = ChatBotTests;
			productReference = 624E0DD62DFBFE45005C2A37 /* ChatBotTests.xctest */;
			productType = "com.apple.product-type.bundle.unit-test";
		};
		624E0DDF2DFBFE45005C2A37 /* ChatBotUITests */ = {
			isa = PBXNativeTarget;
			buildConfigurationList = 624E0DF12DFBFE45005C2A37 /* Build configuration list for PBXNativeTarget "ChatBotUITests" */;
			buildPhases = (
				624E0DDC2DFBFE45005C2A37 /* Sources */,
				624E0DDD2DFBFE45005C2A37 /* Frameworks */,
				624E0DDE2DFBFE45005C2A37 /* Resources */,
			);
			buildRules = (
			);
			dependencies = (
				624E0DE22DFBFE45005C2A37 /* PBXTargetDependency */,
			);
			fileSystemSynchronizedGroups = (
				624E0DE32DFBFE45005C2A37 /* ChatBotUITests */,
			);
			name = ChatBotUITests;
			packageProductDependencies = (
			);
			productName = ChatBotUITests;
			productReference = 624E0DE02DFBFE45005C2A37 /* ChatBotUITests.xctest */;
			productType = "com.apple.product-type.bundle.ui-testing";
		};
/* End PBXNativeTarget section */

/* Begin PBXProject section */
		624E0DB02DFBFE3D005C2A37 /* Project object */ = {
			isa = PBXProject;
			attributes = {
				BuildIndependentTargetsInParallel = 1;
				LastUpgradeCheck = 1640;
				TargetAttributes = {
					624E0DB72DFBFE3D005C2A37 = {
						CreatedOnToolsVersion = 16.4;
					};
					624E0DD52DFBFE45005C2A37 = {
						CreatedOnToolsVersion = 16.4;
						TestTargetID = 624E0DB72DFBFE3D005C2A37;
					};
					624E0DDF2DFBFE45005C2A37 = {
						CreatedOnToolsVersion = 16.4;
						TestTargetID = 624E0DB72DFBFE3D005C2A37;
					};
				};
			};
			buildConfigurationList = 624E0DB32DFBFE3D005C2A37 /* Build configuration list for PBXProject "ChatBot" */;
			developmentRegion = en;
			hasScannedForEncodings = 0;
			knownRegions = (
				en,
				Base,
			);
			mainGroup = 624E0DAF2DFBFE3D005C2A37;
			minimizedProjectReferenceProxies = 1;
			preferredProjectObjectVersion = 77;
			productRefGroup = 624E0DB92DFBFE3D005C2A37 /* Products */;
			projectDirPath = "";
			projectRoot = "";
			targets = (
				624E0DB72DFBFE3D005C2A37 /* ChatBot */,
				624E0DD52DFBFE45005C2A37 /* ChatBotTests */,
				624E0DDF2DFBFE45005C2A37 /* ChatBotUITests */,
			);
		};
/* End PBXProject section */

/* Begin PBXResourcesBuildPhase section */
		624E0DB62DFBFE3D005C2A37 /* Resources */ = {
			isa = PBXResourcesBuildPhase;
			buildActionMask = 2147483647;
			files = (
			);
			runOnlyForDeploymentPostprocessing = 0;
		};
		624E0DD42DFBFE45005C2A37 /* Resources */ = {
			isa = PBXResourcesBuildPhase;
			buildActionMask = 2147483647;
			files = (
			);
			runOnlyForDeploymentPostprocessing = 0;
		};
		624E0DDE2DFBFE45005C2A37 /* Resources */ = {
			isa = PBXResourcesBuildPhase;
			buildActionMask = 2147483647;
			files = (
			);
			runOnlyForDeploymentPostprocessing = 0;
		};
/* End PBXResourcesBuildPhase section */

/* Begin PBXSourcesBuildPhase section */
		624E0DB42DFBFE3D005C2A37 /* Sources */ = {
			isa = PBXSourcesBuildPhase;
			buildActionMask = 2147483647;
			files = (
			);
			runOnlyForDeploymentPostprocessing = 0;
		};
		624E0DD22DFBFE45005C2A37 /* Sources */ = {
			isa = PBXSourcesBuildPhase;
			buildActionMask = 2147483647;
			files = (
			);
			runOnlyForDeploymentPostprocessing = 0;
		};
		624E0DDC2DFBFE45005C2A37 /* Sources */ = {
			isa = PBXSourcesBuildPhase;
			buildActionMask = 2147483647;
			files = (
			);
			runOnlyForDeploymentPostprocessing = 0;
		};
/* End PBXSourcesBuildPhase section */

/* Begin PBXTargetDependency section */
		624E0DD82DFBFE45005C2A37 /* PBXTargetDependency */ = {
			isa = PBXTargetDependency;
			target = 624E0DB72DFBFE3D005C2A37 /* ChatBot */;
			targetProxy = 624E0DD72DFBFE45005C2A37 /* PBXContainerItemProxy */;
		};
		624E0DE22DFBFE45005C2A37 /* PBXTargetDependency */ = {
			isa = PBXTargetDependency;
			target = 624E0DB72DFBFE3D005C2A37 /* ChatBot */;
			targetProxy = 624E0DE12DFBFE45005C2A37 /* PBXContainerItemProxy */;
		};
/* End PBXTargetDependency section */

/* Begin XCBuildConfiguration section */
		624E0DEA2DFBFE45005C2A37 /* Debug */ = {
			isa = XCBuildConfiguration;
			buildSettings = {
				ASSETCATALOG_COMPILER_APPICON_NAME = AppIcon;
				ASSETCATALOG_COMPILER_GLOBAL_ACCENT_COLOR_NAME = AccentColor;
				CODE_SIGN_STYLE = Automatic;
				CURRENT_PROJECT_VERSION = 1;
				DEVELOPMENT_TEAM = P878UE7Y85;
				GENERATE_INFOPLIST_FILE = YES;
				INFOPLIST_FILE = ChatBot/Info.plist;
				INFOPLIST_KEY_UIApplicationSupportsIndirectInputEvents = YES;
				INFOPLIST_KEY_UILaunchStoryboardName = LaunchScreen;
				INFOPLIST_KEY_UIMainStoryboardFile = Main;
				INFOPLIST_KEY_UISupportedInterfaceOrientations_iPad = "UIInterfaceOrientationPortrait UIInterfaceOrientationPortraitUpsideDown UIInterfaceOrientationLandscapeLeft UIInterfaceOrientationLandscapeRight";
				INFOPLIST_KEY_UISupportedInterfaceOrientations_iPhone = "UIInterfaceOrientationPortrait UIInterfaceOrientationLandscapeLeft UIInterfaceOrientationLandscapeRight";
				LD_RUNPATH_SEARCH_PATHS = (
					"$(inherited)",
					"@executable_path/Frameworks",
				);
				MARKETING_VERSION = 1.0;
				PRODUCT_BUNDLE_IDENTIFIER = PolyU.ChatBot;
				PRODUCT_NAME = "$(TARGET_NAME)";
				SWIFT_EMIT_LOC_STRINGS = YES;
				TARGETED_DEVICE_FAMILY = "1,2";
			};
			name = Debug;
		};
		624E0DEB2DFBFE45005C2A37 /* Release */ = {
			isa = XCBuildConfiguration;
			buildSettings = {
				ASSETCATALOG_COMPILER_APPICON_NAME = AppIcon;
				ASSETCATALOG_COMPILER_GLOBAL_ACCENT_COLOR_NAME = AccentColor;
				CODE_SIGN_STYLE = Automatic;
				CURRENT_PROJECT_VERSION = 1;
				DEVELOPMENT_TEAM = P878UE7Y85;
				GENERATE_INFOPLIST_FILE = YES;
				INFOPLIST_FILE = ChatBot/Info.plist;
				INFOPLIST_KEY_UIApplicationSupportsIndirectInputEvents = YES;
				INFOPLIST_KEY_UILaunchStoryboardName = LaunchScreen;
				INFOPLIST_KEY_UIMainStoryboardFile = Main;
				INFOPLIST_KEY_UISupportedInterfaceOrientations_iPad = "UIInterfaceOrientationPortrait UIInterfaceOrientationPortraitUpsideDown UIInterfaceOrientationLandscapeLeft UIInterfaceOrientationLandscapeRight";
				INFOPLIST_KEY_UISupportedInterfaceOrientations_iPhone = "UIInterfaceOrientationPortrait UIInterfaceOrientationLandscapeLeft UIInterfaceOrientationLandscapeRight";
				LD_RUNPATH_SEARCH_PATHS = (
					"$(inherited)",
					"@executable_path/Frameworks",
				);
				MARKETING_VERSION = 1.0;
				PRODUCT_BUNDLE_IDENTIFIER = PolyU.ChatBot;
				PRODUCT_NAME = "$(TARGET_NAME)";
				SWIFT_EMIT_LOC_STRINGS = YES;
				TARGETED_DEVICE_FAMILY = "1,2";
			};
			name = Release;
		};
		624E0DEC2DFBFE45005C2A37 /* Debug */ = {
			isa = XCBuildConfiguration;
			buildSettings = {
				ALWAYS_SEARCH_USER_PATHS = NO;
				ASSETCATALOG_COMPILER_GENERATE_SWIFT_ASSET_SYMBOL_EXTENSIONS = YES;
				CLANG_ANALYZER_NONNULL = YES;
				CLANG_ANALYZER_NUMBER_OBJECT_CONVERSION = YES_AGGRESSIVE;
				CLANG_CXX_LANGUAGE_STANDARD = "gnu++20";
				CLANG_ENABLE_MODULES = YES;
				CLANG_ENABLE_OBJC_ARC = YES;
				CLANG_ENABLE_OBJC_WEAK = YES;
				CLANG_WARN_BLOCK_CAPTURE_AUTORELEASING = YES;
				CLANG_WARN_BOOL_CONVERSION = YES;
				CLANG_WARN_COMMA = YES;
				CLANG_WARN_CONSTANT_CONVERSION = YES;
				CLANG_WARN_DEPRECATED_OBJC_IMPLEMENTATIONS = YES;
				CLANG_WARN_DIRECT_OBJC_ISA_USAGE = YES_ERROR;
				CLANG_WARN_DOCUMENTATION_COMMENTS = YES;
				CLANG_WARN_EMPTY_BODY = YES;
				CLANG_WARN_ENUM_CONVERSION = YES;
				CLANG_WARN_INFINITE_RECURSION = YES;
				CLANG_WARN_INT_CONVERSION = YES;
				CLANG_WARN_NON_LITERAL_NULL_CONVERSION = YES;
				CLANG_WARN_OBJC_IMPLICIT_RETAIN_SELF = YES;
				CLANG_WARN_OBJC_LITERAL_CONVERSION = YES;
				CLANG_WARN_OBJC_ROOT_CLASS = YES_ERROR;
				CLANG_WARN_QUOTED_INCLUDE_IN_FRAMEWORK_HEADER = YES;
				CLANG_WARN_RANGE_LOOP_ANALYSIS = YES;
				CLANG_WARN_STRICT_PROTOTYPES = YES;
				CLANG_WARN_SUSPICIOUS_MOVE = YES;
				CLANG_WARN_UNGUARDED_AVAILABILITY = YES_AGGRESSIVE;
				CLANG_WARN_UNREACHABLE_CODE = YES;
				CLANG_WARN__DUPLICATE_METHOD_MATCH = YES;
				COPY_PHASE_STRIP = NO;
				DEBUG_INFORMATION_FORMAT = dwarf;
				ENABLE_STRICT_OBJC_MSGSEND = YES;
				ENABLE_TESTABILITY = YES;
				ENABLE_USER_SCRIPT_SANDBOXING = YES;
				GCC_C_LANGUAGE_STANDARD = gnu17;
				GCC_DYNAMIC_NO_PIC = NO;
				GCC_NO_COMMON_BLOCKS = YES;
				GCC_OPTIMIZATION_LEVEL = 0;
				GCC_PREPROCESSOR_DEFINITIONS = (
					"DEBUG=1",
					"$(inherited)",
				);
				GCC_WARN_64_TO_32_BIT_CONVERSION = YES;
				GCC_WARN_ABOUT_RETURN_TYPE = YES_ERROR;
				GCC_WARN_UNDECLARED_SELECTOR = YES;
				GCC_WARN_UNINITIALIZED_AUTOS = YES_AGGRESSIVE;
				GCC_WARN_UNUSED_FUNCTION = YES;
				GCC_WARN_UNUSED_VARIABLE = YES;
				IPHONEOS_DEPLOYMENT_TARGET = 18.5;
				LOCALIZATION_PREFERS_STRING_CATALOGS = YES;
				MTL_ENABLE_DEBUG_INFO = INCLUDE_SOURCE;
				MTL_FAST_MATH = YES;
				ONLY_ACTIVE_ARCH = YES;
				SDKROOT = iphoneos;
			};
			name = Debug;
		};
		624E0DED2DFBFE45005C2A37 /* Release */ = {
			isa = XCBuildConfiguration;
			buildSettings = {
				ALWAYS_SEARCH_USER_PATHS = NO;
				ASSETCATALOG_COMPILER_GENERATE_SWIFT_ASSET_SYMBOL_EXTENSIONS = YES;
				CLANG_ANALYZER_NONNULL = YES;
				CLANG_ANALYZER_NUMBER_OBJECT_CONVERSION = YES_AGGRESSIVE;
				CLANG_CXX_LANGUAGE_STANDARD = "gnu++20";
				CLANG_ENABLE_MODULES = YES;
				CLANG_ENABLE_OBJC_ARC = YES;
				CLANG_ENABLE_OBJC_WEAK = YES;
				CLANG_WARN_BLOCK_CAPTURE_AUTORELEASING = YES;
				CLANG_WARN_BOOL_CONVERSION = YES;
				CLANG_WARN_COMMA = YES;
				CLANG_WARN_CONSTANT_CONVERSION = YES;
				CLANG_WARN_DEPRECATED_OBJC_IMPLEMENTATIONS = YES;
				CLANG_WARN_DIRECT_OBJC_ISA_USAGE = YES_ERROR;
				CLANG_WARN_DOCUMENTATION_COMMENTS = YES;
				CLANG_WARN_EMPTY_BODY = YES;
				CLANG_WARN_ENUM_CONVERSION = YES;
				CLANG_WARN_INFINITE_RECURSION = YES;
				CLANG_WARN_INT_CONVERSION = YES;
				CLANG_WARN_NON_LITERAL_NULL_CONVERSION = YES;
				CLANG_WARN_OBJC_IMPLICIT_RETAIN_SELF = YES;
				CLANG_WARN_OBJC_LITERAL_CONVERSION = YES;
				CLANG_WARN_OBJC_ROOT_CLASS = YES_ERROR;
				CLANG_WARN_QUOTED_INCLUDE_IN_FRAMEWORK_HEADER = YES;
				CLANG_WARN_RANGE_LOOP_ANALYSIS = YES;
				CLANG_WARN_STRICT_PROTOTYPES = YES;
				CLANG_WARN_SUSPICIOUS_MOVE = YES;
				CLANG_WARN_UNGUARDED_AVAILABILITY = YES_AGGRESSIVE;
				CLANG_WARN_UNREACHABLE_CODE = YES;
				CLANG_WARN__DUPLICATE_METHOD_MATCH = YES;
				COPY_PHASE_STRIP = NO;
				DEBUG_INFORMATION_FORMAT = "dwarf-with-dsym";
				ENABLE_NS_ASSERTIONS = NO;
				ENABLE_STRICT_OBJC_MSGSEND = YES;
				ENABLE_USER_SCRIPT_SANDBOXING = YES;
				GCC_C_LANGUAGE_STANDARD = gnu17;
				GCC_NO_COMMON_BLOCKS = YES;
				GCC_WARN_64_TO_32_BIT_CONVERSION = YES;
				GCC_WARN_ABOUT_RETURN_TYPE = YES_ERROR;
				GCC_WARN_UNDECLARED_SELECTOR = YES;
				GCC_WARN_UNINITIALIZED_AUTOS = YES_AGGRESSIVE;
				GCC_WARN_UNUSED_FUNCTION = YES;
				GCC_WARN_UNUSED_VARIABLE = YES;
				IPHONEOS_DEPLOYMENT_TARGET = 18.5;
				LOCALIZATION_PREFERS_STRING_CATALOGS = YES;
				MTL_ENABLE_DEBUG_INFO = NO;
				MTL_FAST_MATH = YES;
				SDKROOT = iphoneos;
				VALIDATE_PRODUCT = YES;
			};
			name = Release;
		};
		624E0DEF2DFBFE45005C2A37 /* Debug */ = {
			isa = XCBuildConfiguration;
			buildSettings = {
				BUNDLE_LOADER = "$(TEST_HOST)";
				CODE_SIGN_STYLE = Automatic;
				CURRENT_PROJECT_VERSION = 1;
				GENERATE_INFOPLIST_FILE = YES;
				IPHONEOS_DEPLOYMENT_TARGET = 18.5;
				MARKETING_VERSION = 1.0;
				PRODUCT_BUNDLE_IDENTIFIER = PolyU.ChatBotTests;
				PRODUCT_NAME = "$(TARGET_NAME)";
				SWIFT_EMIT_LOC_STRINGS = NO;
				TARGETED_DEVICE_FAMILY = "1,2";
				TEST_HOST = "$(BUILT_PRODUCTS_DIR)/ChatBot.app/$(BUNDLE_EXECUTABLE_FOLDER_PATH)/ChatBot";
			};
			name = Debug;
		};
		624E0DF02DFBFE45005C2A37 /* Release */ = {
			isa = XCBuildConfiguration;
			buildSettings = {
				BUNDLE_LOADER = "$(TEST_HOST)";
				CODE_SIGN_STYLE = Automatic;
				CURRENT_PROJECT_VERSION = 1;
				GENERATE_INFOPLIST_FILE = YES;
				IPHONEOS_DEPLOYMENT_TARGET = 18.5;
				MARKETING_VERSION = 1.0;
				PRODUCT_BUNDLE_IDENTIFIER = PolyU.ChatBotTests;
				PRODUCT_NAME = "$(TARGET_NAME)";
				SWIFT_EMIT_LOC_STRINGS = NO;
				TARGETED_DEVICE_FAMILY = "1,2";
				TEST_HOST = "$(BUILT_PRODUCTS_DIR)/ChatBot.app/$(BUNDLE_EXECUTABLE_FOLDER_PATH)/ChatBot";
			};
			name = Release;
		};
		624E0DF22DFBFE45005C2A37 /* Debug */ = {
			isa = XCBuildConfiguration;
			buildSettings = {
				CODE_SIGN_STYLE = Automatic;
				CURRENT_PROJECT_VERSION = 1;
				GENERATE_INFOPLIST_FILE = YES;
				MARKETING_VERSION = 1.0;
				PRODUCT_BUNDLE_IDENTIFIER = PolyU.ChatBotUITests;
				PRODUCT_NAME = "$(TARGET_NAME)";
				SWIFT_EMIT_LOC_STRINGS = NO;
				TARGETED_DEVICE_FAMILY = "1,2";
				TEST_TARGET_NAME = ChatBot;
			};
			name = Debug;
		};
		624E0DF32DFBFE45005C2A37 /* Release */ = {
			isa = XCBuildConfiguration;
			buildSettings = {
				CODE_SIGN_STYLE = Automatic;
				CURRENT_PROJECT_VERSION = 1;
				GENERATE_INFOPLIST_FILE = YES;
				MARKETING_VERSION = 1.0;
				PRODUCT_BUNDLE_IDENTIFIER = PolyU.ChatBotUITests;
				PRODUCT_NAME = "$(TARGET_NAME)";
				SWIFT_EMIT_LOC_STRINGS = NO;
				TARGETED_DEVICE_FAMILY = "1,2";
				TEST_TARGET_NAME = ChatBot;
			};
			name = Release;
		};
/* End XCBuildConfiguration section */

/* Begin XCConfigurationList section */
		624E0DB32DFBFE3D005C2A37 /* Build configuration list for PBXProject "ChatBot" */ = {
			isa = XCConfigurationList;
			buildConfigurations = (
				624E0DEC2DFBFE45005C2A37 /* Debug */,
				624E0DED2DFBFE45005C2A37 /* Release */,
			);
			defaultConfigurationIsVisible = 0;
			defaultConfigurationName = Release;
		};
		624E0DE92DFBFE45005C2A37 /* Build configuration list for PBXNativeTarget "ChatBot" */ = {
			isa = XCConfigurationList;
			buildConfigurations = (
				624E0DEA2DFBFE45005C2A37 /* Debug */,
				624E0DEB2DFBFE45005C2A37 /* Release */,
			);
			defaultConfigurationIsVisible = 0;
			defaultConfigurationName = Release;
		};
		624E0DEE2DFBFE45005C2A37 /* Build configuration list for PBXNativeTarget "ChatBotTests" */ = {
			isa = XCConfigurationList;
			buildConfigurations = (
				624E0DEF2DFBFE45005C2A37 /* Debug */,
				624E0DF02DFBFE45005C2A37 /* Release */,
			);
			defaultConfigurationIsVisible = 0;
			defaultConfigurationName = Release;
		};
		624E0DF12DFBFE45005C2A37 /* Build configuration list for PBXNativeTarget "ChatBotUITests" */ = {
			isa = XCConfigurationList;
			buildConfigurations = (
				624E0DF22DFBFE45005C2A37 /* Debug */,
				624E0DF32DFBFE45005C2A37 /* Release */,
			);
			defaultConfigurationIsVisible = 0;
			defaultConfigurationName = Release;
		};
/* End XCConfigurationList section */
	};
	rootObject = 624E0DB02DFBFE3D005C2A37 /* Project object */;
}
