// !$*UTF8*$!
{
	archiveVersion = 1;
	classes = {
	};
	objectVersion = 77;
	objects = {

/* Begin PBXContainerItemProxy section */
		624B34032E0C801200A9EAFF /* PBXContainerItemProxy */ = {
			isa = PBXContainerItemProxy;
			containerPortal = 624B33E12E0C800400A9EAFF /* Project object */;
			proxyType = 1;
			remoteGlobalIDString = 624B33E82E0C800400A9EAFF;
			remoteInfo = "Solos-AI-Demo";
		};
		624B340D2E0C801200A9EAFF /* PBXContainerItemProxy */ = {
			isa = PBXContainerItemProxy;
			containerPortal = 624B33E12E0C800400A9EAFF /* Project object */;
			proxyType = 1;
			remoteGlobalIDString = 624B33E82E0C800400A9EAFF;
			remoteInfo = "Solos-AI-Demo";
		};
/* End PBXContainerItemProxy section */

/* Begin PBXFileReference section */
		624B33E92E0C800400A9EAFF /* Solos-AI-Demo.app */ = {isa = PBXFileReference; explicitFileType = wrapper.application; includeInIndex = 0; path = "Solos-AI-Demo.app"; sourceTree = BUILT_PRODUCTS_DIR; };
		624B34022E0C801200A9EAFF /* Solos-AI-DemoTests.xctest */ = {isa = PBXFileReference; explicitFileType = wrapper.cfbundle; includeInIndex = 0; path = "Solos-AI-DemoTests.xctest"; sourceTree = BUILT_PRODUCTS_DIR; };
		624B340C2E0C801200A9EAFF /* Solos-AI-DemoUITests.xctest */ = {isa = PBXFileReference; explicitFileType = wrapper.cfbundle; includeInIndex = 0; path = "Solos-AI-DemoUITests.xctest"; sourceTree = BUILT_PRODUCTS_DIR; };
/* End PBXFileReference section */

/* Begin PBXFileSystemSynchronizedBuildFileExceptionSet section */
		624B34142E0C801200A9EAFF /* Exceptions for "Solos-AI-Demo" folder in "Solos-AI-Demo" target */ = {
			isa = PBXFileSystemSynchronizedBuildFileExceptionSet;
			membershipExceptions = (
				Info.plist,
			);
			target = 624B33E82E0C800400A9EAFF /* Solos-AI-Demo */;
		};
/* End PBXFileSystemSynchronizedBuildFileExceptionSet section */

/* Begin PBXFileSystemSynchronizedRootGroup section */
		624B33EB2E0C800400A9EAFF /* Solos-AI-Demo */ = {
			isa = PBXFileSystemSynchronizedRootGroup;
			exceptions = (
				624B34142E0C801200A9EAFF /* Exceptions for "Solos-AI-Demo" folder in "Solos-AI-Demo" target */,
			);
			path = "Solos-AI-Demo";
			sourceTree = "<group>";
		};
		624B34052E0C801200A9EAFF /* Solos-AI-DemoTests */ = {
			isa = PBXFileSystemSynchronizedRootGroup;
			path = "Solos-AI-DemoTests";
			sourceTree = "<group>";
		};
		624B340F2E0C801200A9EAFF /* Solos-AI-DemoUITests */ = {
			isa = PBXFileSystemSynchronizedRootGroup;
			path = "Solos-AI-DemoUITests";
			sourceTree = "<group>";
		};
/* End PBXFileSystemSynchronizedRootGroup section */

/* Begin PBXFrameworksBuildPhase section */
		624B33E62E0C800400A9EAFF /* Frameworks */ = {
			isa = PBXFrameworksBuildPhase;
			buildActionMask = 2147483647;
			files = (
			);
			runOnlyForDeploymentPostprocessing = 0;
		};
		624B33FF2E0C801200A9EAFF /* Frameworks */ = {
			isa = PBXFrameworksBuildPhase;
			buildActionMask = 2147483647;
			files = (
			);
			runOnlyForDeploymentPostprocessing = 0;
		};
		624B34092E0C801200A9EAFF /* Frameworks */ = {
			isa = PBXFrameworksBuildPhase;
			buildActionMask = 2147483647;
			files = (
			);
			runOnlyForDeploymentPostprocessing = 0;
		};
/* End PBXFrameworksBuildPhase section */

/* Begin PBXGroup section */
		624B33E02E0C800400A9EAFF = {
			isa = PBXGroup;
			children = (
				624B33EB2E0C800400A9EAFF /* Solos-AI-Demo */,
				624B34052E0C801200A9EAFF /* Solos-AI-DemoTests */,
				624B340F2E0C801200A9EAFF /* Solos-AI-DemoUITests */,
				624B33EA2E0C800400A9EAFF /* Products */,
			);
			sourceTree = "<group>";
		};
		624B33EA2E0C800400A9EAFF /* Products */ = {
			isa = PBXGroup;
			children = (
				624B33E92E0C800400A9EAFF /* Solos-AI-Demo.app */,
				624B34022E0C801200A9EAFF /* Solos-AI-DemoTests.xctest */,
				624B340C2E0C801200A9EAFF /* Solos-AI-DemoUITests.xctest */,
			);
			name = Products;
			sourceTree = "<group>";
		};
/* End PBXGroup section */

/* Begin PBXNativeTarget section */
		624B33E82E0C800400A9EAFF /* Solos-AI-Demo */ = {
			isa = PBXNativeTarget;
			buildConfigurationList = 624B34152E0C801200A9EAFF /* Build configuration list for PBXNativeTarget "Solos-AI-Demo" */;
			buildPhases = (
				624B33E52E0C800400A9EAFF /* Sources */,
				624B33E62E0C800400A9EAFF /* Frameworks */,
				624B33E72E0C800400A9EAFF /* Resources */,
			);
			buildRules = (
			);
			dependencies = (
			);
			fileSystemSynchronizedGroups = (
				624B33EB2E0C800400A9EAFF /* Solos-AI-Demo */,
			);
			name = "Solos-AI-Demo";
			packageProductDependencies = (
			);
			productName = "Solos-AI-Demo";
			productReference = 624B33E92E0C800400A9EAFF /* Solos-AI-Demo.app */;
			productType = "com.apple.product-type.application";
		};
		624B34012E0C801200A9EAFF /* Solos-AI-DemoTests */ = {
			isa = PBXNativeTarget;
			buildConfigurationList = 624B341A2E0C801200A9EAFF /* Build configuration list for PBXNativeTarget "Solos-AI-DemoTests" */;
			buildPhases = (
				624B33FE2E0C801200A9EAFF /* Sources */,
				624B33FF2E0C801200A9EAFF /* Frameworks */,
				624B34002E0C801200A9EAFF /* Resources */,
			);
			buildRules = (
			);
			dependencies = (
				624B34042E0C801200A9EAFF /* PBXTargetDependency */,
			);
			fileSystemSynchronizedGroups = (
				624B34052E0C801200A9EAFF /* Solos-AI-DemoTests */,
			);
			name = "Solos-AI-DemoTests";
			packageProductDependencies = (
			);
			productName = "Solos-AI-DemoTests";
			productReference = 624B34022E0C801200A9EAFF /* Solos-AI-DemoTests.xctest */;
			productType = "com.apple.product-type.bundle.unit-test";
		};
		624B340B2E0C801200A9EAFF /* Solos-AI-DemoUITests */ = {
			isa = PBXNativeTarget;
			buildConfigurationList = 624B341D2E0C801200A9EAFF /* Build configuration list for PBXNativeTarget "Solos-AI-DemoUITests" */;
			buildPhases = (
				624B34082E0C801200A9EAFF /* Sources */,
				624B34092E0C801200A9EAFF /* Frameworks */,
				624B340A2E0C801200A9EAFF /* Resources */,
			);
			buildRules = (
			);
			dependencies = (
				624B340E2E0C801200A9EAFF /* PBXTargetDependency */,
			);
			fileSystemSynchronizedGroups = (
				624B340F2E0C801200A9EAFF /* Solos-AI-DemoUITests */,
			);
			name = "Solos-AI-DemoUITests";
			packageProductDependencies = (
			);
			productName = "Solos-AI-DemoUITests";
			productReference = 624B340C2E0C801200A9EAFF /* Solos-AI-DemoUITests.xctest */;
			productType = "com.apple.product-type.bundle.ui-testing";
		};
/* End PBXNativeTarget section */

/* Begin PBXProject section */
		624B33E12E0C800400A9EAFF /* Project object */ = {
			isa = PBXProject;
			attributes = {
				BuildIndependentTargetsInParallel = 1;
				LastSwiftUpdateCheck = 1640;
				LastUpgradeCheck = 1640;
				TargetAttributes = {
					624B33E82E0C800400A9EAFF = {
						CreatedOnToolsVersion = 16.4;
					};
					624B34012E0C801200A9EAFF = {
						CreatedOnToolsVersion = 16.4;
						TestTargetID = 624B33E82E0C800400A9EAFF;
					};
					624B340B2E0C801200A9EAFF = {
						CreatedOnToolsVersion = 16.4;
						TestTargetID = 624B33E82E0C800400A9EAFF;
					};
				};
			};
			buildConfigurationList = 624B33E42E0C800400A9EAFF /* Build configuration list for PBXProject "Solos-AI-Demo" */;
			developmentRegion = en;
			hasScannedForEncodings = 0;
			knownRegions = (
				en,
				Base,
			);
			mainGroup = 624B33E02E0C800400A9EAFF;
			minimizedProjectReferenceProxies = 1;
			preferredProjectObjectVersion = 77;
			productRefGroup = 624B33EA2E0C800400A9EAFF /* Products */;
			projectDirPath = "";
			projectRoot = "";
			targets = (
				624B33E82E0C800400A9EAFF /* Solos-AI-Demo */,
				624B34012E0C801200A9EAFF /* Solos-AI-DemoTests */,
				624B340B2E0C801200A9EAFF /* Solos-AI-DemoUITests */,
			);
		};
/* End PBXProject section */

/* Begin PBXResourcesBuildPhase section */
		624B33E72E0C800400A9EAFF /* Resources */ = {
			isa = PBXResourcesBuildPhase;
			buildActionMask = 2147483647;
			files = (
			);
			runOnlyForDeploymentPostprocessing = 0;
		};
		624B34002E0C801200A9EAFF /* Resources */ = {
			isa = PBXResourcesBuildPhase;
			buildActionMask = 2147483647;
			files = (
			);
			runOnlyForDeploymentPostprocessing = 0;
		};
		624B340A2E0C801200A9EAFF /* Resources */ = {
			isa = PBXResourcesBuildPhase;
			buildActionMask = 2147483647;
			files = (
			);
			runOnlyForDeploymentPostprocessing = 0;
		};
/* End PBXResourcesBuildPhase section */

/* Begin PBXSourcesBuildPhase section */
		624B33E52E0C800400A9EAFF /* Sources */ = {
			isa = PBXSourcesBuildPhase;
			buildActionMask = 2147483647;
			files = (
			);
			runOnlyForDeploymentPostprocessing = 0;
		};
		624B33FE2E0C801200A9EAFF /* Sources */ = {
			isa = PBXSourcesBuildPhase;
			buildActionMask = 2147483647;
			files = (
			);
			runOnlyForDeploymentPostprocessing = 0;
		};
		624B34082E0C801200A9EAFF /* Sources */ = {
			isa = PBXSourcesBuildPhase;
			buildActionMask = 2147483647;
			files = (
			);
			runOnlyForDeploymentPostprocessing = 0;
		};
/* End PBXSourcesBuildPhase section */

/* Begin PBXTargetDependency section */
		624B34042E0C801200A9EAFF /* PBXTargetDependency */ = {
			isa = PBXTargetDependency;
			target = 624B33E82E0C800400A9EAFF /* Solos-AI-Demo */;
			targetProxy = 624B34032E0C801200A9EAFF /* PBXContainerItemProxy */;
		};
		624B340E2E0C801200A9EAFF /* PBXTargetDependency */ = {
			isa = PBXTargetDependency;
			target = 624B33E82E0C800400A9EAFF /* Solos-AI-Demo */;
			targetProxy = 624B340D2E0C801200A9EAFF /* PBXContainerItemProxy */;
		};
/* End PBXTargetDependency section */

/* Begin XCBuildConfiguration section */
		624B34162E0C801200A9EAFF /* Debug */ = {
			isa = XCBuildConfiguration;
			buildSettings = {
				ASSETCATALOG_COMPILER_APPICON_NAME = AppIcon;
				ASSETCATALOG_COMPILER_GLOBAL_ACCENT_COLOR_NAME = AccentColor;
				CODE_SIGN_STYLE = Automatic;
				CURRENT_PROJECT_VERSION = 1;
				DEVELOPMENT_TEAM = P878UE7Y85;
				GENERATE_INFOPLIST_FILE = YES;
				INFOPLIST_FILE = "Solos-AI-Demo/Info.plist";
				INFOPLIST_KEY_UIApplicationSupportsIndirectInputEvents = YES;
				INFOPLIST_KEY_UILaunchStoryboardName = LaunchScreen;
				INFOPLIST_KEY_UIMainStoryboardFile = Main;
				INFOPLIST_KEY_UISupportedInterfaceOrientations_iPad = "UIInterfaceOrientationPortrait UIInterfaceOrientationPortraitUpsideDown UIInterfaceOrientationLandscapeLeft UIInterfaceOrientationLandscapeRight";
				INFOPLIST_KEY_UISupportedInterfaceOrientations_iPhone = "UIInterfaceOrientationPortrait UIInterfaceOrientationLandscapeLeft UIInterfaceOrientationLandscapeRight";
				LD_RUNPATH_SEARCH_PATHS = (
					"$(inherited)",
					"@executable_path/Frameworks",
				);
				MARKETING_VERSION = 1.0;
				PRODUCT_BUNDLE_IDENTIFIER = "PolyU.Solos-AI-Demo";
				PRODUCT_NAME = "$(TARGET_NAME)";
				SWIFT_EMIT_LOC_STRINGS = YES;
				SWIFT_VERSION = 5.0;
				TARGETED_DEVICE_FAMILY = "1,2";
			};
			name = Debug;
		};
		624B34172E0C801200A9EAFF /* Release */ = {
			isa = XCBuildConfiguration;
			buildSettings = {
				ASSETCATALOG_COMPILER_APPICON_NAME = AppIcon;
				ASSETCATALOG_COMPILER_GLOBAL_ACCENT_COLOR_NAME = AccentColor;
				CODE_SIGN_STYLE = Automatic;
				CURRENT_PROJECT_VERSION = 1;
				DEVELOPMENT_TEAM = P878UE7Y85;
				GENERATE_INFOPLIST_FILE = YES;
				INFOPLIST_FILE = "Solos-AI-Demo/Info.plist";
				INFOPLIST_KEY_UIApplicationSupportsIndirectInputEvents = YES;
				INFOPLIST_KEY_UILaunchStoryboardName = LaunchScreen;
				INFOPLIST_KEY_UIMainStoryboardFile = Main;
				INFOPLIST_KEY_UISupportedInterfaceOrientations_iPad = "UIInterfaceOrientationPortrait UIInterfaceOrientationPortraitUpsideDown UIInterfaceOrientationLandscapeLeft UIInterfaceOrientationLandscapeRight";
				INFOPLIST_KEY_UISupportedInterfaceOrientations_iPhone = "UIInterfaceOrientationPortrait UIInterfaceOrientationLandscapeLeft UIInterfaceOrientationLandscapeRight";
				LD_RUNPATH_SEARCH_PATHS = (
					"$(inherited)",
					"@executable_path/Frameworks",
				);
				MARKETING_VERSION = 1.0;
				PRODUCT_BUNDLE_IDENTIFIER = "PolyU.Solos-AI-Demo";
				PRODUCT_NAME = "$(TARGET_NAME)";
				SWIFT_EMIT_LOC_STRINGS = YES;
				SWIFT_VERSION = 5.0;
				TARGETED_DEVICE_FAMILY = "1,2";
			};
			name = Release;
		};
		624B34182E0C801200A9EAFF /* Debug */ = {
			isa = XCBuildConfiguration;
			buildSettings = {
				ALWAYS_SEARCH_USER_PATHS = NO;
				ASSETCATALOG_COMPILER_GENERATE_SWIFT_ASSET_SYMBOL_EXTENSIONS = YES;
				CLANG_ANALYZER_NONNULL = YES;
				CLANG_ANALYZER_NUMBER_OBJECT_CONVERSION = YES_AGGRESSIVE;
				CLANG_CXX_LANGUAGE_STANDARD = "gnu++20";
				CLANG_ENABLE_MODULES = YES;
				CLANG_ENABLE_OBJC_ARC = YES;
				CLANG_ENABLE_OBJC_WEAK = YES;
				CLANG_WARN_BLOCK_CAPTURE_AUTORELEASING = YES;
				CLANG_WARN_BOOL_CONVERSION = YES;
				CLANG_WARN_COMMA = YES;
				CLANG_WARN_CONSTANT_CONVERSION = YES;
				CLANG_WARN_DEPRECATED_OBJC_IMPLEMENTATIONS = YES;
				CLANG_WARN_DIRECT_OBJC_ISA_USAGE = YES_ERROR;
				CLANG_WARN_DOCUMENTATION_COMMENTS = YES;
				CLANG_WARN_EMPTY_BODY = YES;
				CLANG_WARN_ENUM_CONVERSION = YES;
				CLANG_WARN_INFINITE_RECURSION = YES;
				CLANG_WARN_INT_CONVERSION = YES;
				CLANG_WARN_NON_LITERAL_NULL_CONVERSION = YES;
				CLANG_WARN_OBJC_IMPLICIT_RETAIN_SELF = YES;
				CLANG_WARN_OBJC_LITERAL_CONVERSION = YES;
				CLANG_WARN_OBJC_ROOT_CLASS = YES_ERROR;
				CLANG_WARN_QUOTED_INCLUDE_IN_FRAMEWORK_HEADER = YES;
				CLANG_WARN_RANGE_LOOP_ANALYSIS = YES;
				CLANG_WARN_STRICT_PROTOTYPES = YES;
				CLANG_WARN_SUSPICIOUS_MOVE = YES;
				CLANG_WARN_UNGUARDED_AVAILABILITY = YES_AGGRESSIVE;
				CLANG_WARN_UNREACHABLE_CODE = YES;
				CLANG_WARN__DUPLICATE_METHOD_MATCH = YES;
				COPY_PHASE_STRIP = NO;
				DEBUG_INFORMATION_FORMAT = dwarf;
				DEVELOPMENT_TEAM = P878UE7Y85;
				ENABLE_STRICT_OBJC_MSGSEND = YES;
				ENABLE_TESTABILITY = YES;
				ENABLE_USER_SCRIPT_SANDBOXING = YES;
				GCC_C_LANGUAGE_STANDARD = gnu17;
				GCC_DYNAMIC_NO_PIC = NO;
				GCC_NO_COMMON_BLOCKS = YES;
				GCC_OPTIMIZATION_LEVEL = 0;
				GCC_PREPROCESSOR_DEFINITIONS = (
					"DEBUG=1",
					"$(inherited)",
				);
				GCC_WARN_64_TO_32_BIT_CONVERSION = YES;
				GCC_WARN_ABOUT_RETURN_TYPE = YES_ERROR;
				GCC_WARN_UNDECLARED_SELECTOR = YES;
				GCC_WARN_UNINITIALIZED_AUTOS = YES_AGGRESSIVE;
				GCC_WARN_UNUSED_FUNCTION = YES;
				GCC_WARN_UNUSED_VARIABLE = YES;
				IPHONEOS_DEPLOYMENT_TARGET = 18.5;
				LOCALIZATION_PREFERS_STRING_CATALOGS = YES;
				MTL_ENABLE_DEBUG_INFO = INCLUDE_SOURCE;
				MTL_FAST_MATH = YES;
				ONLY_ACTIVE_ARCH = YES;
				SDKROOT = iphoneos;
				SWIFT_ACTIVE_COMPILATION_CONDITIONS = "DEBUG $(inherited)";
				SWIFT_OPTIMIZATION_LEVEL = "-Onone";
			};
			name = Debug;
		};
		624B34192E0C801200A9EAFF /* Release */ = {
			isa = XCBuildConfiguration;
			buildSettings = {
				ALWAYS_SEARCH_USER_PATHS = NO;
				ASSETCATALOG_COMPILER_GENERATE_SWIFT_ASSET_SYMBOL_EXTENSIONS = YES;
				CLANG_ANALYZER_NONNULL = YES;
				CLANG_ANALYZER_NUMBER_OBJECT_CONVERSION = YES_AGGRESSIVE;
				CLANG_CXX_LANGUAGE_STANDARD = "gnu++20";
				CLANG_ENABLE_MODULES = YES;
				CLANG_ENABLE_OBJC_ARC = YES;
				CLANG_ENABLE_OBJC_WEAK = YES;
				CLANG_WARN_BLOCK_CAPTURE_AUTORELEASING = YES;
				CLANG_WARN_BOOL_CONVERSION = YES;
				CLANG_WARN_COMMA = YES;
				CLANG_WARN_CONSTANT_CONVERSION = YES;
				CLANG_WARN_DEPRECATED_OBJC_IMPLEMENTATIONS = YES;
				CLANG_WARN_DIRECT_OBJC_ISA_USAGE = YES_ERROR;
				CLANG_WARN_DOCUMENTATION_COMMENTS = YES;
				CLANG_WARN_EMPTY_BODY = YES;
				CLANG_WARN_ENUM_CONVERSION = YES;
				CLANG_WARN_INFINITE_RECURSION = YES;
				CLANG_WARN_INT_CONVERSION = YES;
				CLANG_WARN_NON_LITERAL_NULL_CONVERSION = YES;
				CLANG_WARN_OBJC_IMPLICIT_RETAIN_SELF = YES;
				CLANG_WARN_OBJC_LITERAL_CONVERSION = YES;
				CLANG_WARN_OBJC_ROOT_CLASS = YES_ERROR;
				CLANG_WARN_QUOTED_INCLUDE_IN_FRAMEWORK_HEADER = YES;
				CLANG_WARN_RANGE_LOOP_ANALYSIS = YES;
				CLANG_WARN_STRICT_PROTOTYPES = YES;
				CLANG_WARN_SUSPICIOUS_MOVE = YES;
				CLANG_WARN_UNGUARDED_AVAILABILITY = YES_AGGRESSIVE;
				CLANG_WARN_UNREACHABLE_CODE = YES;
				CLANG_WARN__DUPLICATE_METHOD_MATCH = YES;
				COPY_PHASE_STRIP = NO;
				DEBUG_INFORMATION_FORMAT = "dwarf-with-dsym";
				DEVELOPMENT_TEAM = P878UE7Y85;
				ENABLE_NS_ASSERTIONS = NO;
				ENABLE_STRICT_OBJC_MSGSEND = YES;
				ENABLE_USER_SCRIPT_SANDBOXING = YES;
				GCC_C_LANGUAGE_STANDARD = gnu17;
				GCC_NO_COMMON_BLOCKS = YES;
				GCC_WARN_64_TO_32_BIT_CONVERSION = YES;
				GCC_WARN_ABOUT_RETURN_TYPE = YES_ERROR;
				GCC_WARN_UNDECLARED_SELECTOR = YES;
				GCC_WARN_UNINITIALIZED_AUTOS = YES_AGGRESSIVE;
				GCC_WARN_UNUSED_FUNCTION = YES;
				GCC_WARN_UNUSED_VARIABLE = YES;
				IPHONEOS_DEPLOYMENT_TARGET = 18.5;
				LOCALIZATION_PREFERS_STRING_CATALOGS = YES;
				MTL_ENABLE_DEBUG_INFO = NO;
				MTL_FAST_MATH = YES;
				SDKROOT = iphoneos;
				SWIFT_COMPILATION_MODE = wholemodule;
				VALIDATE_PRODUCT = YES;
			};
			name = Release;
		};
		624B341B2E0C801200A9EAFF /* Debug */ = {
			isa = XCBuildConfiguration;
			buildSettings = {
				BUNDLE_LOADER = "$(TEST_HOST)";
				CODE_SIGN_STYLE = Automatic;
				CURRENT_PROJECT_VERSION = 1;
				DEVELOPMENT_TEAM = P878UE7Y85;
				GENERATE_INFOPLIST_FILE = YES;
				IPHONEOS_DEPLOYMENT_TARGET = 18.5;
				MARKETING_VERSION = 1.0;
				PRODUCT_BUNDLE_IDENTIFIER = "PolyU.Solos-AI-DemoTests";
				PRODUCT_NAME = "$(TARGET_NAME)";
				SWIFT_EMIT_LOC_STRINGS = NO;
				SWIFT_VERSION = 5.0;
				TARGETED_DEVICE_FAMILY = "1,2";
				TEST_HOST = "$(BUILT_PRODUCTS_DIR)/Solos-AI-Demo.app/$(BUNDLE_EXECUTABLE_FOLDER_PATH)/Solos-AI-Demo";
			};
			name = Debug;
		};
		624B341C2E0C801200A9EAFF /* Release */ = {
			isa = XCBuildConfiguration;
			buildSettings = {
				BUNDLE_LOADER = "$(TEST_HOST)";
				CODE_SIGN_STYLE = Automatic;
				CURRENT_PROJECT_VERSION = 1;
				DEVELOPMENT_TEAM = P878UE7Y85;
				GENERATE_INFOPLIST_FILE = YES;
				IPHONEOS_DEPLOYMENT_TARGET = 18.5;
				MARKETING_VERSION = 1.0;
				PRODUCT_BUNDLE_IDENTIFIER = "PolyU.Solos-AI-DemoTests";
				PRODUCT_NAME = "$(TARGET_NAME)";
				SWIFT_EMIT_LOC_STRINGS = NO;
				SWIFT_VERSION = 5.0;
				TARGETED_DEVICE_FAMILY = "1,2";
				TEST_HOST = "$(BUILT_PRODUCTS_DIR)/Solos-AI-Demo.app/$(BUNDLE_EXECUTABLE_FOLDER_PATH)/Solos-AI-Demo";
			};
			name = Release;
		};
		624B341E2E0C801200A9EAFF /* Debug */ = {
			isa = XCBuildConfiguration;
			buildSettings = {
				CODE_SIGN_STYLE = Automatic;
				CURRENT_PROJECT_VERSION = 1;
				DEVELOPMENT_TEAM = P878UE7Y85;
				GENERATE_INFOPLIST_FILE = YES;
				MARKETING_VERSION = 1.0;
				PRODUCT_BUNDLE_IDENTIFIER = "PolyU.Solos-AI-DemoUITests";
				PRODUCT_NAME = "$(TARGET_NAME)";
				SWIFT_EMIT_LOC_STRINGS = NO;
				SWIFT_VERSION = 5.0;
				TARGETED_DEVICE_FAMILY = "1,2";
				TEST_TARGET_NAME = "Solos-AI-Demo";
			};
			name = Debug;
		};
		624B341F2E0C801200A9EAFF /* Release */ = {
			isa = XCBuildConfiguration;
			buildSettings = {
				CODE_SIGN_STYLE = Automatic;
				CURRENT_PROJECT_VERSION = 1;
				DEVELOPMENT_TEAM = P878UE7Y85;
				GENERATE_INFOPLIST_FILE = YES;
				MARKETING_VERSION = 1.0;
				PRODUCT_BUNDLE_IDENTIFIER = "PolyU.Solos-AI-DemoUITests";
				PRODUCT_NAME = "$(TARGET_NAME)";
				SWIFT_EMIT_LOC_STRINGS = NO;
				SWIFT_VERSION = 5.0;
				TARGETED_DEVICE_FAMILY = "1,2";
				TEST_TARGET_NAME = "Solos-AI-Demo";
			};
			name = Release;
		};
/* End XCBuildConfiguration section */

/* Begin XCConfigurationList section */
		624B33E42E0C800400A9EAFF /* Build configuration list for PBXProject "Solos-AI-Demo" */ = {
			isa = XCConfigurationList;
			buildConfigurations = (
				624B34182E0C801200A9EAFF /* Debug */,
				624B34192E0C801200A9EAFF /* Release */,
			);
			defaultConfigurationIsVisible = 0;
			defaultConfigurationName = Release;
		};
		624B34152E0C801200A9EAFF /* Build configuration list for PBXNativeTarget "Solos-AI-Demo" */ = {
			isa = XCConfigurationList;
			buildConfigurations = (
				624B34162E0C801200A9EAFF /* Debug */,
				624B34172E0C801200A9EAFF /* Release */,
			);
			defaultConfigurationIsVisible = 0;
			defaultConfigurationName = Release;
		};
		624B341A2E0C801200A9EAFF /* Build configuration list for PBXNativeTarget "Solos-AI-DemoTests" */ = {
			isa = XCConfigurationList;
			buildConfigurations = (
				624B341B2E0C801200A9EAFF /* Debug */,
				624B341C2E0C801200A9EAFF /* Release */,
			);
			defaultConfigurationIsVisible = 0;
			defaultConfigurationName = Release;
		};
		624B341D2E0C801200A9EAFF /* Build configuration list for PBXNativeTarget "Solos-AI-DemoUITests" */ = {
			isa = XCConfigurationList;
			buildConfigurations = (
				624B341E2E0C801200A9EAFF /* Debug */,
				624B341F2E0C801200A9EAFF /* Release */,
			);
			defaultConfigurationIsVisible = 0;
			defaultConfigurationName = Release;
		};
/* End XCConfigurationList section */
	};
	rootObject = 624B33E12E0C800400A9EAFF /* Project object */;
}
